
Microsoft Visual Studio Solution File, Format Version 12.00
# Visual Studio Version 17
VisualStudioVersion = 17.11.35222.181
MinimumVisualStudioVersion = 10.0.40219.1
Project("{FAE04EC0-301F-11D3-BF4B-00C04F79EFBC}") = "jjodel-persistence", "jjodel-persistence\jjodel-persistence.csproj", "{1C222AE0-19C6-492B-A5A6-7A245993A07A}"
EndProject
Global
	GlobalSection(SolutionConfigurationPlatforms) = preSolution
		Debug|Any CPU = Debug|Any CPU
		Release|Any CPU = Release|Any CPU
	EndGlobalSection
	GlobalSection(ProjectConfigurationPlatforms) = postSolution
		{1C222AE0-19C6-492B-A5A6-7A245993A07A}.Debug|Any CPU.ActiveCfg = Debug|Any CPU
		{1C222AE0-19C6-492B-A5A6-7A245993A07A}.Debug|Any CPU.Build.0 = Debug|Any CPU
		{1C222AE0-19C6-492B-A5A6-7A245993A07A}.Release|Any CPU.ActiveCfg = Release|Any CPU
		{1C222AE0-19C6-492B-A5A6-7A245993A07A}.Release|Any CPU.Build.0 = Release|Any CPU
	EndGlobalSection
	GlobalSection(SolutionProperties) = preSolution
		HideSolutionNode = FALSE
	EndGlobalSection
	GlobalSection(ExtensibilityGlobals) = postSolution
		SolutionGuid = {11249034-D8A8-4B51-BD58-8B9D193AA7A0}
	EndGlobalSection
EndGlobal
